// !$*UTF8*$!
{
	archiveVersion = 1;
	classes = {
	};
	objectVersion = 46;
	objects = {

/* Begin PBXBuildFile section */
		C111A67C1DF93CBD0010D417 /* FilterSelectionViewController.m in Sources */ = {isa = PBXBuildFile; fileRef = C111A67B1DF93CBD0010D417 /* FilterSelectionViewController.m */; };
		C11EEDC51DF9D23B00747431 /* FilterCollectionViewCell.m in Sources */ = {isa = PBXBuildFile; fileRef = C11EEDC41DF9D23B00747431 /* FilterCollectionViewCell.m */; };
		C1E898691DF86D4D000A6324 /* main.m in Sources */ = {isa = PBXBuildFile; fileRef = C1E898681DF86D4D000A6324 /* main.m */; };
		C1E8986C1DF86D4D000A6324 /* AppDelegate.m in Sources */ = {isa = PBXBuildFile; fileRef = C1E8986B1DF86D4D000A6324 /* AppDelegate.m */; };
		C1E8986F1DF86D4D000A6324 /* PhotoCollectionViewController.m in Sources */ = {isa = PBXBuildFile; fileRef = C1E8986E1DF86D4D000A6324 /* PhotoCollectionViewController.m */; };
		C1E898721DF86D4D000A6324 /* Main.storyboard in Resources */ = {isa = PBXBuildFile; fileRef = C1E898701DF86D4D000A6324 /* Main.storyboard */; };
		C1E898741DF86D4D000A6324 /* Assets.xcassets in Resources */ = {isa = PBXBuildFile; fileRef = C1E898731DF86D4D000A6324 /* Assets.xcassets */; };
		C1E898771DF86D4D000A6324 /* LaunchScreen.storyboard in Resources */ = {isa = PBXBuildFile; fileRef = C1E898751DF86D4D000A6324 /* LaunchScreen.storyboard */; };
/* End PBXBuildFile section */

/* Begin PBXFileReference section */
		C111A67A1DF93CBD0010D417 /* FilterSelectionViewController.h */ = {isa = PBXFileReference; fileEncoding = 4; lastKnownFileType = sourcecode.c.h; path = FilterSelectionViewController.h; sourceTree = "<group>"; };
		C111A67B1DF93CBD0010D417 /* FilterSelectionViewController.m */ = {isa = PBXFileReference; fileEncoding = 4; lastKnownFileType = sourcecode.c.objc; path = FilterSelectionViewController.m; sourceTree = "<group>"; };
		C111A67D1DF942BE0010D417 /* FilterSelectionDelegate.h */ = {isa = PBXFileReference; fileEncoding = 4; lastKnownFileType = sourcecode.c.h; path = FilterSelectionDelegate.h; sourceTree = "<group>"; };
		C11EEDC31DF9D23B00747431 /* FilterCollectionViewCell.h */ = {isa = PBXFileReference; fileEncoding = 4; lastKnownFileType = sourcecode.c.h; path = FilterCollectionViewCell.h; sourceTree = "<group>"; };
		C11EEDC41DF9D23B00747431 /* FilterCollectionViewCell.m */ = {isa = PBXFileReference; fileEncoding = 4; lastKnownFileType = sourcecode.c.objc; path = FilterCollectionViewCell.m; sourceTree = "<group>"; };
		C1E898641DF86D4C000A6324 /* FilterCollection.app */ = {isa = PBXFileReference; explicitFileType = wrapper.application; includeInIndex = 0; path = FilterCollection.app; sourceTree = BUILT_PRODUCTS_DIR; };
		C1E898681DF86D4D000A6324 /* main.m */ = {isa = PBXFileReference; lastKnownFileType = sourcecode.c.objc; path = main.m; sourceTree = "<group>"; };
		C1E8986A1DF86D4D000A6324 /* AppDelegate.h */ = {isa = PBXFileReference; lastKnownFileType = sourcecode.c.h; path = AppDelegate.h; sourceTree = "<group>"; };
		C1E8986B1DF86D4D000A6324 /* AppDelegate.m */ = {isa = PBXFileReference; lastKnownFileType = sourcecode.c.objc; path = AppDelegate.m; sourceTree = "<group>"; };
		C1E8986D1DF86D4D000A6324 /* PhotoCollectionViewController.h */ = {isa = PBXFileReference; lastKnownFileType = sourcecode.c.h; path = PhotoCollectionViewController.h; sourceTree = "<group>"; };
		C1E8986E1DF86D4D000A6324 /* PhotoCollectionViewController.m */ = {isa = PBXFileReference; lastKnownFileType = sourcecode.c.objc; path = PhotoCollectionViewController.m; sourceTree = "<group>"; };
		C1E898711DF86D4D000A6324 /* Base */ = {isa = PBXFileReference; lastKnownFileType = file.storyboard; name = Base; path = Base.lproj/Main.storyboard; sourceTree = "<group>"; };
		C1E898731DF86D4D000A6324 /* Assets.xcassets */ = {isa = PBXFileReference; lastKnownFileType = folder.assetcatalog; path = Assets.xcassets; sourceTree = "<group>"; };
		C1E898761DF86D4D000A6324 /* Base */ = {isa = PBXFileReference; lastKnownFileType = file.storyboard; name = Base; path = Base.lproj/LaunchScreen.storyboard; sourceTree = "<group>"; };
		C1E898781DF86D4D000A6324 /* Info.plist */ = {isa = PBXFileReference; lastKnownFileType = text.plist.xml; path = Info.plist; sourceTree = "<group>"; };
/* End PBXFileReference section */

/* Begin PBXFrameworksBuildPhase section */
		C1E898611DF86D4C000A6324 /* Frameworks */ = {
			isa = PBXFrameworksBuildPhase;
			buildActionMask = 2147483647;
			files = (
			);
			runOnlyForDeploymentPostprocessing = 0;
		};
/* End PBXFrameworksBuildPhase section */

/* Begin PBXGroup section */
		C1E8985B1DF86D4C000A6324 = {
			isa = PBXGroup;
			children = (
				C1E898661DF86D4C000A6324 /* FilterCollection */,
				C1E898651DF86D4C000A6324 /* Products */,
			);
			sourceTree = "<group>";
		};
		C1E898651DF86D4C000A6324 /* Products */ = {
			isa = PBXGroup;
			children = (
				C1E898641DF86D4C000A6324 /* FilterCollection.app */,
			);
			name = Products;
			sourceTree = "<group>";
		};
		C1E898661DF86D4C000A6324 /* FilterCollection */ = {
			isa = PBXGroup;
			children = (
				C1E8986A1DF86D4D000A6324 /* AppDelegate.h */,
				C1E8986B1DF86D4D000A6324 /* AppDelegate.m */,
				C1E8986D1DF86D4D000A6324 /* PhotoCollectionViewController.h */,
				C1E8986E1DF86D4D000A6324 /* PhotoCollectionViewController.m */,
				C111A67A1DF93CBD0010D417 /* FilterSelectionViewController.h */,
				C111A67B1DF93CBD0010D417 /* FilterSelectionViewController.m */,
				C111A67D1DF942BE0010D417 /* FilterSelectionDelegate.h */,
				C1E898701DF86D4D000A6324 /* Main.storyboard */,
				C11EEDC31DF9D23B00747431 /* FilterCollectionViewCell.h */,
				C11EEDC41DF9D23B00747431 /* FilterCollectionViewCell.m */,
				C1E898731DF86D4D000A6324 /* Assets.xcassets */,
				C1E898751DF86D4D000A6324 /* LaunchScreen.storyboard */,
				C1E898781DF86D4D000A6324 /* Info.plist */,
				C1E898671DF86D4D000A6324 /* Supporting Files */,
			);
			path = FilterCollection;
			sourceTree = "<group>";
		};
		C1E898671DF86D4D000A6324 /* Supporting Files */ = {
			isa = PBXGroup;
			children = (
				C1E898681DF86D4D000A6324 /* main.m */,
			);
			name = "Supporting Files";
			sourceTree = "<group>";
		};
/* End PBXGroup section */

/* Begin PBXNativeTarget section */
		C1E898631DF86D4C000A6324 /* FilterCollection */ = {
			isa = PBXNativeTarget;
			buildConfigurationList = C1E8987B1DF86D4D000A6324 /* Build configuration list for PBXNativeTarget "FilterCollection" */;
			buildPhases = (
				C1E898601DF86D4C000A6324 /* Sources */,
				C1E898611DF86D4C000A6324 /* Frameworks */,
				C1E898621DF86D4C000A6324 /* Resources */,
			);
			buildRules = (
			);
			dependencies = (
			);
			name = FilterCollection;
			productName = FilterCollection;
			productReference = C1E898641DF86D4C000A6324 /* FilterCollection.app */;
			productType = "com.apple.product-type.application";
		};
/* End PBXNativeTarget section */

/* Begin PBXProject section */
		C1E8985C1DF86D4C000A6324 /* Project object */ = {
			isa = PBXProject;
			attributes = {
				LastUpgradeCheck = 0810;
				ORGANIZATIONNAME = "Peter Steele";
				TargetAttributes = {
					C1E898631DF86D4C000A6324 = {
						CreatedOnToolsVersion = 8.1;
						DevelopmentTeam = Q9TDRU73EZ;
						ProvisioningStyle = Automatic;
					};
				};
			};
			buildConfigurationList = C1E8985F1DF86D4C000A6324 /* Build configuration list for PBXProject "FilterCollection" */;
			compatibilityVersion = "Xcode 3.2";
			developmentRegion = English;
			hasScannedForEncodings = 0;
			knownRegions = (
				en,
				Base,
			);
			mainGroup = C1E8985B1DF86D4C000A6324;
			productRefGroup = C1E898651DF86D4C000A6324 /* Products */;
			projectDirPath = "";
			projectRoot = "";
			targets = (
				C1E898631DF86D4C000A6324 /* FilterCollection */,
			);
		};
/* End PBXProject section */

/* Begin PBXResourcesBuildPhase section */
		C1E898621DF86D4C000A6324 /* Resources */ = {
			isa = PBXResourcesBuildPhase;
			buildActionMask = 2147483647;
			files = (
				C1E898771DF86D4D000A6324 /* LaunchScreen.storyboard in Resources */,
				C1E898741DF86D4D000A6324 /* Assets.xcassets in Resources */,
				C1E898721DF86D4D000A6324 /* Main.storyboard in Resources */,
			);
			runOnlyForDeploymentPostprocessing = 0;
		};
/* End PBXResourcesBuildPhase section */

/* Begin PBXSourcesBuildPhase section */
		C1E898601DF86D4C000A6324 /* Sources */ = {
			isa = PBXSourcesBuildPhase;
			buildActionMask = 2147483647;
			files = (
				C1E8986F1DF86D4D000A6324 /* PhotoCollectionViewController.m in Sources */,
				C11EEDC51DF9D23B00747431 /* FilterCollectionViewCell.m in Sources */,
				C111A67C1DF93CBD0010D417 /* FilterSelectionViewController.m in Sources */,
				C1E8986C1DF86D4D000A6324 /* AppDelegate.m in Sources */,
				C1E898691DF86D4D000A6324 /* main.m in Sources */,
			);
			runOnlyForDeploymentPostprocessing = 0;
		};
/* End PBXSourcesBuildPhase section */

/* Begin PBXVariantGroup section */
		C1E898701DF86D4D000A6324 /* Main.storyboard */ = {
			isa = PBXVariantGroup;
			children = (
				C1E898711DF86D4D000A6324 /* Base */,
			);
			name = Main.storyboard;
			sourceTree = "<group>";
		};
		C1E898751DF86D4D000A6324 /* LaunchScreen.storyboard */ = {
			isa = PBXVariantGroup;
			children = (
				C1E898761DF86D4D000A6324 /* Base */,
			);
			name = LaunchScreen.storyboard;
			sourceTree = "<group>";
		};
/* End PBXVariantGroup section */

/* Begin XCBuildConfiguration section */
		C1E898791DF86D4D000A6324 /* Debug */ = {
			isa = XCBuildConfiguration;
			buildSettings = {
				ALWAYS_SEARCH_USER_PATHS = NO;
				CLANG_ANALYZER_NONNULL = YES;
				CLANG_CXX_LANGUAGE_STANDARD = "gnu++0x";
				CLANG_CXX_LIBRARY = "libc++";
				CLANG_ENABLE_MODULES = YES;
				CLANG_ENABLE_OBJC_ARC = YES;
				CLANG_WARN_BOOL_CONVERSION = YES;
				CLANG_WARN_CONSTANT_CONVERSION = YES;
				CLANG_WARN_DIRECT_OBJC_ISA_USAGE = YES_ERROR;
				CLANG_WARN_DOCUMENTATION_COMMENTS = YES;
				CLANG_WARN_EMPTY_BODY = YES;
				CLANG_WARN_ENUM_CONVERSION = YES;
				CLANG_WARN_INFINITE_RECURSION = YES;
				CLANG_WARN_INT_CONVERSION = YES;
				CLANG_WARN_OBJC_ROOT_CLASS = YES_ERROR;
				CLANG_WARN_SUSPICIOUS_MOVES = YES;
				CLANG_WARN_UNREACHABLE_CODE = YES;
				CLANG_WARN__DUPLICATE_METHOD_MATCH = YES;
				"CODE_SIGN_IDENTITY[sdk=iphoneos*]" = "iPhone Developer";
				COPY_PHASE_STRIP = NO;
				DEBUG_INFORMATION_FORMAT = dwarf;
				ENABLE_STRICT_OBJC_MSGSEND = YES;
				ENABLE_TESTABILITY = YES;
				GCC_C_LANGUAGE_STANDARD = gnu99;
				GCC_DYNAMIC_NO_PIC = NO;
				GCC_NO_COMMON_BLOCKS = YES;
				GCC_OPTIMIZATION_LEVEL = 0;
				GCC_PREPROCESSOR_DEFINITIONS = (
					"DEBUG=1",
					"$(inherited)",
				);
				GCC_WARN_64_TO_32_BIT_CONVERSION = YES;
				GCC_WARN_ABOUT_RETURN_TYPE = YES_ERROR;
				GCC_WARN_UNDECLARED_SELECTOR = YES;
				GCC_WARN_UNINITIALIZED_AUTOS = YES_AGGRESSIVE;
				GCC_WARN_UNUSED_FUNCTION = YES;
				GCC_WARN_UNUSED_VARIABLE = YES;
				IPHONEOS_DEPLOYMENT_TARGET = 10.1;
				MTL_ENABLE_DEBUG_INFO = YES;
				ONLY_ACTIVE_ARCH = YES;
				SDKROOT = iphoneos;
				TARGETED_DEVICE_FAMILY = "1,2";
			};
			name = Debug;
		};
		C1E8987A1DF86D4D000A6324 /* Release */ = {
			isa = XCBuildConfiguration;
			buildSettings = {
				ALWAYS_SEARCH_USER_PATHS = NO;
				CLANG_ANALYZER_NONNULL = YES;
				CLANG_CXX_LANGUAGE_STANDARD = "gnu++0x";
				CLANG_CXX_LIBRARY = "libc++";
				CLANG_ENABLE_MODULES = YES;
				CLANG_ENABLE_OBJC_ARC = YES;
				CLANG_WARN_BOOL_CONVERSION = YES;
				CLANG_WARN_CONSTANT_CONVERSION = YES;
				CLANG_WARN_DIRECT_OBJC_ISA_USAGE = YES_ERROR;
				CLANG_WARN_DOCUMENTATION_COMMENTS = YES;
				CLANG_WARN_EMPTY_BODY = YES;
				CLANG_WARN_ENUM_CONVERSION = YES;
				CLANG_WARN_INFINITE_RECURSION = YES;
				CLANG_WARN_INT_CONVERSION = YES;
				CLANG_WARN_OBJC_ROOT_CLASS = YES_ERROR;
				CLANG_WARN_SUSPICIOUS_MOVES = YES;
				CLANG_WARN_UNREACHABLE_CODE = YES;
				CLANG_WARN__DUPLICATE_METHOD_MATCH = YES;
				"CODE_SIGN_IDENTITY[sdk=iphoneos*]" = "iPhone Developer";
				COPY_PHASE_STRIP = NO;
				DEBUG_INFORMATION_FORMAT = "dwarf-with-dsym";
				ENABLE_NS_ASSERTIONS = NO;
				ENABLE_STRICT_OBJC_MSGSEND = YES;
				GCC_C_LANGUAGE_STANDARD = gnu99;
				GCC_NO_COMMON_BLOCKS = YES;
				GCC_WARN_64_TO_32_BIT_CONVERSION = YES;
				GCC_WARN_ABOUT_RETURN_TYPE = YES_ERROR;
				GCC_WARN_UNDECLARED_SELECTOR = YES;
				GCC_WARN_UNINITIALIZED_AUTOS = YES_AGGRESSIVE;
				GCC_WARN_UNUSED_FUNCTION = YES;
				GCC_WARN_UNUSED_VARIABLE = YES;
				IPHONEOS_DEPLOYMENT_TARGET = 10.1;
				MTL_ENABLE_DEBUG_INFO = NO;
				SDKROOT = iphoneos;
				TARGETED_DEVICE_FAMILY = "1,2";
				VALIDATE_PRODUCT = YES;
			};
			name = Release;
		};
		C1E8987C1DF86D4D000A6324 /* Debug */ = {
			isa = XCBuildConfiguration;
			buildSettings = {
				ASSETCATALOG_COMPILER_APPICON_NAME = AppIcon;
				DEVELOPMENT_TEAM = Q9TDRU73EZ;
				INFOPLIST_FILE = FilterCollection/Info.plist;
				LD_RUNPATH_SEARCH_PATHS = "$(inherited) @executable_path/Frameworks";
				PRODUCT_BUNDLE_IDENTIFIER = com.Pete.FilterCollection;
				PRODUCT_NAME = "$(TARGET_NAME)";
			};
			name = Debug;
		};
		C1E8987D1DF86D4D000A6324 /* Release */ = {
			isa = XCBuildConfiguration;
			buildSettings = {
				ASSETCATALOG_COMPILER_APPICON_NAME = AppIcon;
				DEVELOPMENT_TEAM = Q9TDRU73EZ;
				INFOPLIST_FILE = FilterCollection/Info.plist;
				LD_RUNPATH_SEARCH_PATHS = "$(inherited) @executable_path/Frameworks";
				PRODUCT_BUNDLE_IDENTIFIER = com.Pete.FilterCollection;
				PRODUCT_NAME = "$(TARGET_NAME)";
			};
			name = Release;
		};
/* End XCBuildConfiguration section */

/* Begin XCConfigurationList section */
		C1E8985F1DF86D4C000A6324 /* Build configuration list for PBXProject "FilterCollection" */ = {
			isa = XCConfigurationList;
			buildConfigurations = (
				C1E898791DF86D4D000A6324 /* Debug */,
				C1E8987A1DF86D4D000A6324 /* Release */,
			);
			defaultConfigurationIsVisible = 0;
			defaultConfigurationName = Release;
		};
		C1E8987B1DF86D4D000A6324 /* Build configuration list for PBXNativeTarget "FilterCollection" */ = {
			isa = XCConfigurationList;
			buildConfigurations = (
				C1E8987C1DF86D4D000A6324 /* Debug */,
				C1E8987D1DF86D4D000A6324 /* Release */,
			);
			defaultConfigurationIsVisible = 0;
			defaultConfigurationName = Release;
		};
/* End XCConfigurationList section */
	};
	rootObject = C1E8985C1DF86D4C000A6324 /* Project object */;
}
